// !$*UTF8*$!
{
	archiveVersion = 1;
	classes = {
	};
	objectVersion = 52;
	objects = {

/* Begin PBXBuildFile section */
		8DDF277826C17E9C00F936A2 /* XcodersGraphQLApp.swift in Sources */ = {isa = PBXBuildFile; fileRef = 8DDF277726C17E9C00F936A2 /* XcodersGraphQLApp.swift */; };
		8DDF277C26C17EA200F936A2 /* Assets.xcassets in Resources */ = {isa = PBXBuildFile; fileRef = 8DDF277B26C17EA200F936A2 /* Assets.xcassets */; };
		8DDF277F26C17EA200F936A2 /* Preview Assets.xcassets in Resources */ = {isa = PBXBuildFile; fileRef = 8DDF277E26C17EA200F936A2 /* Preview Assets.xcassets */; };
		8DDF278926C17F6800F936A2 /* ApolloCodegenLib in Frameworks */ = {isa = PBXBuildFile; productRef = 8DDF278826C17F6800F936A2 /* ApolloCodegenLib */; };
		8DDF278B26C17F6800F936A2 /* ApolloUtils in Frameworks */ = {isa = PBXBuildFile; productRef = 8DDF278A26C17F6800F936A2 /* ApolloUtils */; };
		8DDF278D26C17F6800F936A2 /* Apollo in Frameworks */ = {isa = PBXBuildFile; productRef = 8DDF278C26C17F6800F936A2 /* Apollo */; };
		8DDF278F26C17F6800F936A2 /* ApolloWebSocket in Frameworks */ = {isa = PBXBuildFile; productRef = 8DDF278E26C17F6800F936A2 /* ApolloWebSocket */; };
		8DDF279126C17F6800F936A2 /* ApolloAPI in Frameworks */ = {isa = PBXBuildFile; productRef = 8DDF279026C17F6800F936A2 /* ApolloAPI */; };
		8DDF279526C180F100F936A2 /* Queries.graphql in Resources */ = {isa = PBXBuildFile; fileRef = 8DDF279426C180F100F936A2 /* Queries.graphql */; };
		8DDF279826C1810400F936A2 /* Apollo.swift in Sources */ = {isa = PBXBuildFile; fileRef = 8DDF279726C1810400F936A2 /* Apollo.swift */; };
		8DDF279D26C1825100F936A2 /* schema.json in Resources */ = {isa = PBXBuildFile; fileRef = 8DDF279C26C1825100F936A2 /* schema.json */; };
		8DDF27A026C1826000F936A2 /* API.swift in Sources */ = {isa = PBXBuildFile; fileRef = 8DDF279F26C1826000F936A2 /* API.swift */; };
		8DDF27A426C1842700F936A2 /* CountryListViewModel.swift in Sources */ = {isa = PBXBuildFile; fileRef = 8DDF27A326C1842700F936A2 /* CountryListViewModel.swift */; };
		8DF8E9E626C4056500BD46E0 /* ContinentListScreen.swift in Sources */ = {isa = PBXBuildFile; fileRef = 8DF8E9E526C4056500BD46E0 /* ContinentListScreen.swift */; };
		8DF8E9E926C405B800BD46E0 /* ContinentListViewModel.swift in Sources */ = {isa = PBXBuildFile; fileRef = 8DF8E9E826C405B800BD46E0 /* ContinentListViewModel.swift */; };
		8DF8E9EC26C40F8800BD46E0 /* CountryListScreen.swift in Sources */ = {isa = PBXBuildFile; fileRef = 8DF8E9EB26C40F8800BD46E0 /* CountryListScreen.swift */; };
/* End PBXBuildFile section */

/* Begin PBXFileReference section */
		8DDF277426C17E9C00F936A2 /* XcodersGraphQL.app */ = {isa = PBXFileReference; explicitFileType = wrapper.application; includeInIndex = 0; path = XcodersGraphQL.app; sourceTree = BUILT_PRODUCTS_DIR; };
		8DDF277726C17E9C00F936A2 /* XcodersGraphQLApp.swift */ = {isa = PBXFileReference; lastKnownFileType = sourcecode.swift; path = XcodersGraphQLApp.swift; sourceTree = "<group>"; };
		8DDF277B26C17EA200F936A2 /* Assets.xcassets */ = {isa = PBXFileReference; lastKnownFileType = folder.assetcatalog; path = Assets.xcassets; sourceTree = "<group>"; };
		8DDF277E26C17EA200F936A2 /* Preview Assets.xcassets */ = {isa = PBXFileReference; lastKnownFileType = folder.assetcatalog; path = "Preview Assets.xcassets"; sourceTree = "<group>"; };
		8DDF278026C17EA200F936A2 /* Info.plist */ = {isa = PBXFileReference; lastKnownFileType = text.plist.xml; path = Info.plist; sourceTree = "<group>"; };
		8DDF279426C180F100F936A2 /* Queries.graphql */ = {isa = PBXFileReference; lastKnownFileType = text; path = Queries.graphql; sourceTree = "<group>"; };
		8DDF279726C1810400F936A2 /* Apollo.swift */ = {isa = PBXFileReference; lastKnownFileType = sourcecode.swift; path = Apollo.swift; sourceTree = "<group>"; };
		8DDF279C26C1825100F936A2 /* schema.json */ = {isa = PBXFileReference; fileEncoding = 4; lastKnownFileType = text.json; path = schema.json; sourceTree = "<group>"; };
		8DDF279F26C1826000F936A2 /* API.swift */ = {isa = PBXFileReference; fileEncoding = 4; lastKnownFileType = sourcecode.swift; path = API.swift; sourceTree = "<group>"; };
		8DDF27A326C1842700F936A2 /* CountryListViewModel.swift */ = {isa = PBXFileReference; lastKnownFileType = sourcecode.swift; path = CountryListViewModel.swift; sourceTree = "<group>"; };
		8DF8E9E526C4056500BD46E0 /* ContinentListScreen.swift */ = {isa = PBXFileReference; lastKnownFileType = sourcecode.swift; path = ContinentListScreen.swift; sourceTree = "<group>"; };
		8DF8E9E826C405B800BD46E0 /* ContinentListViewModel.swift */ = {isa = PBXFileReference; lastKnownFileType = sourcecode.swift; path = ContinentListViewModel.swift; sourceTree = "<group>"; };
		8DF8E9EB26C40F8800BD46E0 /* CountryListScreen.swift */ = {isa = PBXFileReference; lastKnownFileType = sourcecode.swift; path = CountryListScreen.swift; sourceTree = "<group>"; };
/* End PBXFileReference section */

/* Begin PBXFrameworksBuildPhase section */
		8DDF277126C17E9C00F936A2 /* Frameworks */ = {
			isa = PBXFrameworksBuildPhase;
			buildActionMask = 2147483647;
			files = (
				8DDF278926C17F6800F936A2 /* ApolloCodegenLib in Frameworks */,
				8DDF278F26C17F6800F936A2 /* ApolloWebSocket in Frameworks */,
				8DDF278D26C17F6800F936A2 /* Apollo in Frameworks */,
				8DDF278B26C17F6800F936A2 /* ApolloUtils in Frameworks */,
				8DDF279126C17F6800F936A2 /* ApolloAPI in Frameworks */,
			);
			runOnlyForDeploymentPostprocessing = 0;
		};
/* End PBXFrameworksBuildPhase section */

/* Begin PBXGroup section */
		8DDF276B26C17E9C00F936A2 = {
			isa = PBXGroup;
			children = (
				8DDF277626C17E9C00F936A2 /* XcodersGraphQL */,
				8DDF277526C17E9C00F936A2 /* Products */,
			);
			sourceTree = "<group>";
		};
		8DDF277526C17E9C00F936A2 /* Products */ = {
			isa = PBXGroup;
			children = (
				8DDF277426C17E9C00F936A2 /* XcodersGraphQL.app */,
			);
			name = Products;
			sourceTree = "<group>";
		};
		8DDF277626C17E9C00F936A2 /* XcodersGraphQL */ = {
			isa = PBXGroup;
			children = (
				8DF8E9E426C4055000BD46E0 /* Screens */,
				8DDF27A226C1830600F936A2 /* View Models */,
				8DDF279C26C1825100F936A2 /* schema.json */,
				8DDF279326C180DF00F936A2 /* GraphQL */,
				8DDF277726C17E9C00F936A2 /* XcodersGraphQLApp.swift */,
				8DDF277B26C17EA200F936A2 /* Assets.xcassets */,
				8DDF278026C17EA200F936A2 /* Info.plist */,
				8DDF277D26C17EA200F936A2 /* Preview Content */,
			);
			path = XcodersGraphQL;
			sourceTree = "<group>";
		};
		8DDF277D26C17EA200F936A2 /* Preview Content */ = {
			isa = PBXGroup;
			children = (
				8DDF277E26C17EA200F936A2 /* Preview Assets.xcassets */,
			);
			path = "Preview Content";
			sourceTree = "<group>";
		};
		8DDF279326C180DF00F936A2 /* GraphQL */ = {
			isa = PBXGroup;
			children = (
				8DDF279F26C1826000F936A2 /* API.swift */,
				8DDF279426C180F100F936A2 /* Queries.graphql */,
				8DDF279726C1810400F936A2 /* Apollo.swift */,
			);
			path = GraphQL;
			sourceTree = "<group>";
		};
		8DDF27A226C1830600F936A2 /* View Models */ = {
			isa = PBXGroup;
			children = (
				8DDF27A326C1842700F936A2 /* CountryListViewModel.swift */,
				8DF8E9E826C405B800BD46E0 /* ContinentListViewModel.swift */,
			);
			path = "View Models";
			sourceTree = "<group>";
		};
		8DF8E9E426C4055000BD46E0 /* Screens */ = {
			isa = PBXGroup;
			children = (
				8DF8E9E526C4056500BD46E0 /* ContinentListScreen.swift */,
				8DF8E9EB26C40F8800BD46E0 /* CountryListScreen.swift */,
			);
			path = Screens;
			sourceTree = "<group>";
		};
/* End PBXGroup section */

/* Begin PBXNativeTarget section */
		8DDF277326C17E9C00F936A2 /* XcodersGraphQL */ = {
			isa = PBXNativeTarget;
			buildConfigurationList = 8DDF278326C17EA200F936A2 /* Build configuration list for PBXNativeTarget "XcodersGraphQL" */;
			buildPhases = (
				8DDF279A26C1818600F936A2 /* Generate Apollo GraphQL API */,
				8DDF277026C17E9C00F936A2 /* Sources */,
				8DDF277126C17E9C00F936A2 /* Frameworks */,
				8DDF277226C17E9C00F936A2 /* Resources */,
			);
			buildRules = (
			);
			dependencies = (
			);
			name = XcodersGraphQL;
			packageProductDependencies = (
				8DDF278826C17F6800F936A2 /* ApolloCodegenLib */,
				8DDF278A26C17F6800F936A2 /* ApolloUtils */,
				8DDF278C26C17F6800F936A2 /* Apollo */,
				8DDF278E26C17F6800F936A2 /* ApolloWebSocket */,
				8DDF279026C17F6800F936A2 /* ApolloAPI */,
			);
			productName = XcodersGraphQL;
			productReference = 8DDF277426C17E9C00F936A2 /* XcodersGraphQL.app */;
			productType = "com.apple.product-type.application";
		};
/* End PBXNativeTarget section */

/* Begin PBXProject section */
		8DDF276C26C17E9C00F936A2 /* Project object */ = {
			isa = PBXProject;
			attributes = {
				LastSwiftUpdateCheck = 1240;
				LastUpgradeCheck = 1240;
				TargetAttributes = {
					8DDF277326C17E9C00F936A2 = {
						CreatedOnToolsVersion = 12.4;
					};
				};
			};
			buildConfigurationList = 8DDF276F26C17E9C00F936A2 /* Build configuration list for PBXProject "XcodersGraphQL" */;
			compatibilityVersion = "Xcode 9.3";
			developmentRegion = en;
			hasScannedForEncodings = 0;
			knownRegions = (
				en,
				Base,
			);
			mainGroup = 8DDF276B26C17E9C00F936A2;
			packageReferences = (
				8DDF278726C17F6800F936A2 /* XCRemoteSwiftPackageReference "apollo-ios" */,
			);
			productRefGroup = 8DDF277526C17E9C00F936A2 /* Products */;
			projectDirPath = "";
			projectRoot = "";
			targets = (
				8DDF277326C17E9C00F936A2 /* XcodersGraphQL */,
			);
		};
/* End PBXProject section */

/* Begin PBXResourcesBuildPhase section */
		8DDF277226C17E9C00F936A2 /* Resources */ = {
			isa = PBXResourcesBuildPhase;
			buildActionMask = 2147483647;
			files = (
				8DDF279D26C1825100F936A2 /* schema.json in Resources */,
				8DDF279526C180F100F936A2 /* Queries.graphql in Resources */,
				8DDF277F26C17EA200F936A2 /* Preview Assets.xcassets in Resources */,
				8DDF277C26C17EA200F936A2 /* Assets.xcassets in Resources */,
			);
			runOnlyForDeploymentPostprocessing = 0;
		};
/* End PBXResourcesBuildPhase section */

/* Begin PBXShellScriptBuildPhase section */
		8DDF279A26C1818600F936A2 /* Generate Apollo GraphQL API */ = {
			isa = PBXShellScriptBuildPhase;
			buildActionMask = 2147483647;
			files = (
			);
			inputFileListPaths = (
			);
			inputPaths = (
			);
			name = "Generate Apollo GraphQL API";
			outputFileListPaths = (
			);
			outputPaths = (
			);
			runOnlyForDeploymentPostprocessing = 0;
			shellPath = /bin/sh;
			shellScript = "# Go to the build root and search up the chain to find the Derived Data Path where the source packages are checked out.\nDERIVED_DATA_CANDIDATE=\"${BUILD_ROOT}\"\n\nwhile ! [ -d \"${DERIVED_DATA_CANDIDATE}/SourcePackages\" ]; do\n  if [ \"${DERIVED_DATA_CANDIDATE}\" = / ]; then\n    echo >&2 \"error: Unable to locate SourcePackages directory from BUILD_ROOT: '${BUILD_ROOT}'\"\n    exit 1\n  fi\n\n  DERIVED_DATA_CANDIDATE=\"$(dirname \"${DERIVED_DATA_CANDIDATE}\")\"\ndone\n\n# Grab a reference to the directory where scripts are checked out\nSCRIPT_PATH=\"${DERIVED_DATA_CANDIDATE}/SourcePackages/checkouts/apollo-ios/scripts\"\n\nif [ -z \"${SCRIPT_PATH}\" ]; then\n    echo >&2 \"error: Couldn't find the CLI script in your checked out SPM packages; make sure to add the framework to your project.\"\n    exit 1\nfi\n\ncd \"${SRCROOT}/${TARGET_NAME}\"\n\"${SCRIPT_PATH}\"/run-bundled-codegen.sh codegen:generate --target=swift --includes=./**/*.graphql --localSchemaFile=\"schema.json\" ./GraphQL/API.swift\n";
		};
/* End PBXShellScriptBuildPhase section */

/* Begin PBXSourcesBuildPhase section */
		8DDF277026C17E9C00F936A2 /* Sources */ = {
			isa = PBXSourcesBuildPhase;
			buildActionMask = 2147483647;
			files = (
				8DF8E9E926C405B800BD46E0 /* ContinentListViewModel.swift in Sources */,
				8DF8E9EC26C40F8800BD46E0 /* CountryListScreen.swift in Sources */,
				8DDF279826C1810400F936A2 /* Apollo.swift in Sources */,
				8DF8E9E626C4056500BD46E0 /* ContinentListScreen.swift in Sources */,
				8DDF27A026C1826000F936A2 /* API.swift in Sources */,
				8DDF27A426C1842700F936A2 /* CountryListViewModel.swift in Sources */,
				8DDF277826C17E9C00F936A2 /* XcodersGraphQLApp.swift in Sources */,
			);
			runOnlyForDeploymentPostprocessing = 0;
		};
/* End PBXSourcesBuildPhase section */

/* Begin XCBuildConfiguration section */
		8DDF278126C17EA200F936A2 /* Debug */ = {
			isa = XCBuildConfiguration;
			buildSettings = {
				ALWAYS_SEARCH_USER_PATHS = NO;
				CLANG_ANALYZER_NONNULL = YES;
				CLANG_ANALYZER_NUMBER_OBJECT_CONVERSION = YES_AGGRESSIVE;
				CLANG_CXX_LANGUAGE_STANDARD = "gnu++14";
				CLANG_CXX_LIBRARY = "libc++";
				CLANG_ENABLE_MODULES = YES;
				CLANG_ENABLE_OBJC_ARC = YES;
				CLANG_ENABLE_OBJC_WEAK = YES;
				CLANG_WARN_BLOCK_CAPTURE_AUTORELEASING = YES;
				CLANG_WARN_BOOL_CONVERSION = YES;
				CLANG_WARN_COMMA = YES;
				CLANG_WARN_CONSTANT_CONVERSION = YES;
				CLANG_WARN_DEPRECATED_OBJC_IMPLEMENTATIONS = YES;
				CLANG_WARN_DIRECT_OBJC_ISA_USAGE = YES_ERROR;
				CLANG_WARN_DOCUMENTATION_COMMENTS = YES;
				CLANG_WARN_EMPTY_BODY = YES;
				CLANG_WARN_ENUM_CONVERSION = YES;
				CLANG_WARN_INFINITE_RECURSION = YES;
				CLANG_WARN_INT_CONVERSION = YES;
				CLANG_WARN_NON_LITERAL_NULL_CONVERSION = YES;
				CLANG_WARN_OBJC_IMPLICIT_RETAIN_SELF = YES;
				CLANG_WARN_OBJC_LITERAL_CONVERSION = YES;
				CLANG_WARN_OBJC_ROOT_CLASS = YES_ERROR;
				CLANG_WARN_QUOTED_INCLUDE_IN_FRAMEWORK_HEADER = YES;
				CLANG_WARN_RANGE_LOOP_ANALYSIS = YES;
				CLANG_WARN_STRICT_PROTOTYPES = YES;
				CLANG_WARN_SUSPICIOUS_MOVE = YES;
				CLANG_WARN_UNGUARDED_AVAILABILITY = YES_AGGRESSIVE;
				CLANG_WARN_UNREACHABLE_CODE = YES;
				CLANG_WARN__DUPLICATE_METHOD_MATCH = YES;
				COPY_PHASE_STRIP = NO;
				DEBUG_INFORMATION_FORMAT = dwarf;
				ENABLE_STRICT_OBJC_MSGSEND = YES;
				ENABLE_TESTABILITY = YES;
				GCC_C_LANGUAGE_STANDARD = gnu11;
				GCC_DYNAMIC_NO_PIC = NO;
				GCC_NO_COMMON_BLOCKS = YES;
				GCC_OPTIMIZATION_LEVEL = 0;
				GCC_PREPROCESSOR_DEFINITIONS = (
					"DEBUG=1",
					"$(inherited)",
				);
				GCC_WARN_64_TO_32_BIT_CONVERSION = YES;
				GCC_WARN_ABOUT_RETURN_TYPE = YES_ERROR;
				GCC_WARN_UNDECLARED_SELECTOR = YES;
				GCC_WARN_UNINITIALIZED_AUTOS = YES_AGGRESSIVE;
				GCC_WARN_UNUSED_FUNCTION = YES;
				GCC_WARN_UNUSED_VARIABLE = YES;
				IPHONEOS_DEPLOYMENT_TARGET = 14.4;
				MTL_ENABLE_DEBUG_INFO = INCLUDE_SOURCE;
				MTL_FAST_MATH = YES;
				ONLY_ACTIVE_ARCH = YES;
				SDKROOT = iphoneos;
				SWIFT_ACTIVE_COMPILATION_CONDITIONS = DEBUG;
				SWIFT_OPTIMIZATION_LEVEL = "-Onone";
			};
			name = Debug;
		};
		8DDF278226C17EA200F936A2 /* Release */ = {
			isa = XCBuildConfiguration;
			buildSettings = {
				ALWAYS_SEARCH_USER_PATHS = NO;
				CLANG_ANALYZER_NONNULL = YES;
				CLANG_ANALYZER_NUMBER_OBJECT_CONVERSION = YES_AGGRESSIVE;
				CLANG_CXX_LANGUAGE_STANDARD = "gnu++14";
				CLANG_CXX_LIBRARY = "libc++";
				CLANG_ENABLE_MODULES = YES;
				CLANG_ENABLE_OBJC_ARC = YES;
				CLANG_ENABLE_OBJC_WEAK = YES;
				CLANG_WARN_BLOCK_CAPTURE_AUTORELEASING = YES;
				CLANG_WARN_BOOL_CONVERSION = YES;
				CLANG_WARN_COMMA = YES;
				CLANG_WARN_CONSTANT_CONVERSION = YES;
				CLANG_WARN_DEPRECATED_OBJC_IMPLEMENTATIONS = YES;
				CLANG_WARN_DIRECT_OBJC_ISA_USAGE = YES_ERROR;
				CLANG_WARN_DOCUMENTATION_COMMENTS = YES;
				CLANG_WARN_EMPTY_BODY = YES;
				CLANG_WARN_ENUM_CONVERSION = YES;
				CLANG_WARN_INFINITE_RECURSION = YES;
				CLANG_WARN_INT_CONVERSION = YES;
				CLANG_WARN_NON_LITERAL_NULL_CONVERSION = YES;
				CLANG_WARN_OBJC_IMPLICIT_RETAIN_SELF = YES;
				CLANG_WARN_OBJC_LITERAL_CONVERSION = YES;
				CLANG_WARN_OBJC_ROOT_CLASS = YES_ERROR;
				CLANG_WARN_QUOTED_INCLUDE_IN_FRAMEWORK_HEADER = YES;
				CLANG_WARN_RANGE_LOOP_ANALYSIS = YES;
				CLANG_WARN_STRICT_PROTOTYPES = YES;
				CLANG_WARN_SUSPICIOUS_MOVE = YES;
				CLANG_WARN_UNGUARDED_AVAILABILITY = YES_AGGRESSIVE;
				CLANG_WARN_UNREACHABLE_CODE = YES;
				CLANG_WARN__DUPLICATE_METHOD_MATCH = YES;
				COPY_PHASE_STRIP = NO;
				DEBUG_INFORMATION_FORMAT = "dwarf-with-dsym";
				ENABLE_NS_ASSERTIONS = NO;
				ENABLE_STRICT_OBJC_MSGSEND = YES;
				GCC_C_LANGUAGE_STANDARD = gnu11;
				GCC_NO_COMMON_BLOCKS = YES;
				GCC_WARN_64_TO_32_BIT_CONVERSION = YES;
				GCC_WARN_ABOUT_RETURN_TYPE = YES_ERROR;
				GCC_WARN_UNDECLARED_SELECTOR = YES;
				GCC_WARN_UNINITIALIZED_AUTOS = YES_AGGRESSIVE;
				GCC_WARN_UNUSED_FUNCTION = YES;
				GCC_WARN_UNUSED_VARIABLE = YES;
				IPHONEOS_DEPLOYMENT_TARGET = 14.4;
				MTL_ENABLE_DEBUG_INFO = NO;
				MTL_FAST_MATH = YES;
				SDKROOT = iphoneos;
				SWIFT_COMPILATION_MODE = wholemodule;
				SWIFT_OPTIMIZATION_LEVEL = "-O";
				VALIDATE_PRODUCT = YES;
			};
			name = Release;
		};
		8DDF278426C17EA200F936A2 /* Debug */ = {
			isa = XCBuildConfiguration;
			buildSettings = {
				ASSETCATALOG_COMPILER_APPICON_NAME = AppIcon;
				ASSETCATALOG_COMPILER_GLOBAL_ACCENT_COLOR_NAME = AccentColor;
				CODE_SIGN_STYLE = Automatic;
				DEVELOPMENT_ASSET_PATHS = "\"XcodersGraphQL/Preview Content\"";
				DEVELOPMENT_TEAM = B2Q8EGNCQA;
				ENABLE_PREVIEWS = YES;
				INFOPLIST_FILE = XcodersGraphQL/Info.plist;
				IPHONEOS_DEPLOYMENT_TARGET = 14.0;
				LD_RUNPATH_SEARCH_PATHS = (
					"$(inherited)",
					"@executable_path/Frameworks",
				);
				PRODUCT_BUNDLE_IDENTIFIER = com.azamsharp.XcodersGraphQL;
				PRODUCT_NAME = "$(TARGET_NAME)";
				SWIFT_VERSION = 5.0;
				TARGETED_DEVICE_FAMILY = "1,2";
			};
			name = Debug;
		};
		8DDF278526C17EA200F936A2 /* Release */ = {
			isa = XCBuildConfiguration;
			buildSettings = {
				ASSETCATALOG_COMPILER_APPICON_NAME = AppIcon;
				ASSETCATALOG_COMPILER_GLOBAL_ACCENT_COLOR_NAME = AccentColor;
				CODE_SIGN_STYLE = Automatic;
				DEVELOPMENT_ASSET_PATHS = "\"XcodersGraphQL/Preview Content\"";
				DEVELOPMENT_TEAM = B2Q8EGNCQA;
				ENABLE_PREVIEWS = YES;
				INFOPLIST_FILE = XcodersGraphQL/Info.plist;
				IPHONEOS_DEPLOYMENT_TARGET = 14.0;
				LD_RUNPATH_SEARCH_PATHS = (
					"$(inherited)",
					"@executable_path/Frameworks",
				);
				PRODUCT_BUNDLE_IDENTIFIER = com.azamsharp.XcodersGraphQL;
				PRODUCT_NAME = "$(TARGET_NAME)";
				SWIFT_VERSION = 5.0;
				TARGETED_DEVICE_FAMILY = "1,2";
			};
			name = Release;
		};
/* End XCBuildConfiguration section */

/* Begin XCConfigurationList section */
		8DDF276F26C17E9C00F936A2 /* Build configuration list for PBXProject "XcodersGraphQL" */ = {
			isa = XCConfigurationList;
			buildConfigurations = (
				8DDF278126C17EA200F936A2 /* Debug */,
				8DDF278226C17EA200F936A2 /* Release */,
			);
			defaultConfigurationIsVisible = 0;
			defaultConfigurationName = Release;
		};
		8DDF278326C17EA200F936A2 /* Build configuration list for PBXNativeTarget "XcodersGraphQL" */ = {
			isa = XCConfigurationList;
			buildConfigurations = (
				8DDF278426C17EA200F936A2 /* Debug */,
				8DDF278526C17EA200F936A2 /* Release */,
			);
			defaultConfigurationIsVisible = 0;
			defaultConfigurationName = Release;
		};
/* End XCConfigurationList section */

/* Begin XCRemoteSwiftPackageReference section */
		8DDF278726C17F6800F936A2 /* XCRemoteSwiftPackageReference "apollo-ios" */ = {
			isa = XCRemoteSwiftPackageReference;
			repositoryURL = "https://github.com/apollographql/apollo-ios.git";
			requirement = {
				kind = upToNextMajorVersion;
				minimumVersion = 0.45.0;
			};
		};
/* End XCRemoteSwiftPackageReference section */

/* Begin XCSwiftPackageProductDependency section */
		8DDF278826C17F6800F936A2 /* ApolloCodegenLib */ = {
			isa = XCSwiftPackageProductDependency;
			package = 8DDF278726C17F6800F936A2 /* XCRemoteSwiftPackageReference "apollo-ios" */;
			productName = ApolloCodegenLib;
		};
		8DDF278A26C17F6800F936A2 /* ApolloUtils */ = {
			isa = XCSwiftPackageProductDependency;
			package = 8DDF278726C17F6800F936A2 /* XCRemoteSwiftPackageReference "apollo-ios" */;
			productName = ApolloUtils;
		};
		8DDF278C26C17F6800F936A2 /* Apollo */ = {
			isa = XCSwiftPackageProductDependency;
			package = 8DDF278726C17F6800F936A2 /* XCRemoteSwiftPackageReference "apollo-ios" */;
			productName = Apollo;
		};
		8DDF278E26C17F6800F936A2 /* ApolloWebSocket */ = {
			isa = XCSwiftPackageProductDependency;
			package = 8DDF278726C17F6800F936A2 /* XCRemoteSwiftPackageReference "apollo-ios" */;
			productName = ApolloWebSocket;
		};
		8DDF279026C17F6800F936A2 /* ApolloAPI */ = {
			isa = XCSwiftPackageProductDependency;
			package = 8DDF278726C17F6800F936A2 /* XCRemoteSwiftPackageReference "apollo-ios" */;
			productName = ApolloAPI;
		};
/* End XCSwiftPackageProductDependency section */
	};
	rootObject = 8DDF276C26C17E9C00F936A2 /* Project object */;
}
